
Microsoft Visual Studio Solution File, Format Version 12.00
# Visual Studio Version 17
VisualStudioVersion = 17.11.35222.181
MinimumVisualStudioVersion = 10.0.40219.1
Project("{FAE04EC0-301F-11D3-BF4B-00C04F79EFBC}") = "Week2", "Week2\Week2.csproj", "{D04B125A-08CB-4494-BD8B-69C266FC01E3}"
EndProject
Project("{FAE04EC0-301F-11D3-BF4B-00C04F79EFBC}") = "UserGenderValidation", "UserGenderValidation\UserGenderValidation.csproj", "{C16BB390-D766-4F71-AC30-BB162C5B911D}"
EndProject
Project("{FAE04EC0-301F-11D3-BF4B-00C04F79EFBC}") = "UserAgeValidation", "UserAgeValidation\UserAgeValidation.csproj", "{C19D3B01-9163-4D56-8C51-976FD61EABED}"
EndProject
Global
	GlobalSection(SolutionConfigurationPlatforms) = preSolution
		Debug|Any CPU = Debug|Any CPU
		Release|Any CPU = Release|Any CPU
	EndGlobalSection
	GlobalSection(ProjectConfigurationPlatforms) = postSolution
		{D04B125A-08CB-4494-BD8B-69C266FC01E3}.Debug|Any CPU.ActiveCfg = Debug|Any CPU
		{D04B125A-08CB-4494-BD8B-69C266FC01E3}.Debug|Any CPU.Build.0 = Debug|Any CPU
		{D04B125A-08CB-4494-BD8B-69C266FC01E3}.Release|Any CPU.ActiveCfg = Release|Any CPU
		{D04B125A-08CB-4494-BD8B-69C266FC01E3}.Release|Any CPU.Build.0 = Release|Any CPU
		{C16BB390-D766-4F71-AC30-BB162C5B911D}.Debug|Any CPU.ActiveCfg = Debug|Any CPU
		{C16BB390-D766-4F71-AC30-BB162C5B911D}.Debug|Any CPU.Build.0 = Debug|Any CPU
		{C16BB390-D766-4F71-AC30-BB162C5B911D}.Release|Any CPU.ActiveCfg = Release|Any CPU
		{C16BB390-D766-4F71-AC30-BB162C5B911D}.Release|Any CPU.Build.0 = Release|Any CPU
		{C19D3B01-9163-4D56-8C51-976FD61EABED}.Debug|Any CPU.ActiveCfg = Debug|Any CPU
		{C19D3B01-9163-4D56-8C51-976FD61EABED}.Debug|Any CPU.Build.0 = Debug|Any CPU
		{C19D3B01-9163-4D56-8C51-976FD61EABED}.Release|Any CPU.ActiveCfg = Release|Any CPU
		{C19D3B01-9163-4D56-8C51-976FD61EABED}.Release|Any CPU.Build.0 = Release|Any CPU
	EndGlobalSection
	GlobalSection(SolutionProperties) = preSolution
		HideSolutionNode = FALSE
	EndGlobalSection
	GlobalSection(ExtensibilityGlobals) = postSolution
		SolutionGuid = {4288B5C8-AAC9-4944-A9D0-9D19EC83B60E}
	EndGlobalSection
EndGlobal
